// !$*UTF8*$!
{
	archiveVersion = 1;
	classes = {
	};
	objectVersion = 56;
	objects = {

/* Begin PBXBuildFile section */
		0260EAEB2D56F5F700861754 /* ACarouselViewModel.swift in Sources */ = {isa = PBXBuildFile; fileRef = 0260EAE62D56F5F700861754 /* ACarouselViewModel.swift */; };
		0260EAEC2D56F5F700861754 /* ACarousel.swift in Sources */ = {isa = PBXBuildFile; fileRef = 0260EAE72D56F5F700861754 /* ACarousel.swift */; };
		0260EAED2D56F5F700861754 /* View+ReceiveTimer.swift in Sources */ = {isa = PBXBuildFile; fileRef = 0260EAE82D56F5F700861754 /* View+ReceiveTimer.swift */; };
		0260EAEE2D56F5F700861754 /* ACarouselAutoScroll.swift in Sources */ = {isa = PBXBuildFile; fileRef = 0260EAE92D56F5F700861754 /* ACarouselAutoScroll.swift */; };
		0260EAEF2D56F5F700861754 /* AppLifeCycleModifier.swift in Sources */ = {isa = PBXBuildFile; fileRef = 0260EAEA2D56F5F700861754 /* AppLifeCycleModifier.swift */; };
		0260EAF12D570B6400861754 /* speService.swift in Sources */ = {isa = PBXBuildFile; fileRef = 0260EAF02D570B6400861754 /* speService.swift */; };
		0260EAF32D57233600861754 /* footer.swift in Sources */ = {isa = PBXBuildFile; fileRef = 0260EAF22D57233600861754 /* footer.swift */; };
		0260EAF52D57419100861754 /* links.swift in Sources */ = {isa = PBXBuildFile; fileRef = 0260EAF42D57419100861754 /* links.swift */; };
		02675E482D5600A50063FC56 /* conService.swift in Sources */ = {isa = PBXBuildFile; fileRef = 02675E472D5600A50063FC56 /* conService.swift */; };
		02675E4A2D56092F0063FC56 /* banner.swift in Sources */ = {isa = PBXBuildFile; fileRef = 02675E492D56092F0063FC56 /* banner.swift */; };
		02A4CB862D5990B3008FEAD3 /* lawEnf.swift in Sources */ = {isa = PBXBuildFile; fileRef = 02A4CB852D5990B3008FEAD3 /* lawEnf.swift */; };
		02AA1CC12D59A8EE007419E5 /* intCom.swift in Sources */ = {isa = PBXBuildFile; fileRef = 02AA1CC02D59A8EE007419E5 /* intCom.swift */; };
		02AA1CC32D59ADCE007419E5 /* newsList.swift in Sources */ = {isa = PBXBuildFile; fileRef = 02AA1CC22D59ADCE007419E5 /* newsList.swift */; };
		02E08CA12D3F92480017D96A /* gjj_appApp.swift in Sources */ = {isa = PBXBuildFile; fileRef = 02E08CA02D3F92480017D96A /* gjj_appApp.swift */; };
		02E08CA32D3F92480017D96A /* ContentView.swift in Sources */ = {isa = PBXBuildFile; fileRef = 02E08CA22D3F92480017D96A /* ContentView.swift */; };
		02E08CA52D3F92480017D96A /* Item.swift in Sources */ = {isa = PBXBuildFile; fileRef = 02E08CA42D3F92480017D96A /* Item.swift */; };
		02E08CA72D3F924D0017D96A /* Assets.xcassets in Resources */ = {isa = PBXBuildFile; fileRef = 02E08CA62D3F924D0017D96A /* Assets.xcassets */; };
		02E08CAA2D3F924D0017D96A /* Preview Assets.xcassets in Resources */ = {isa = PBXBuildFile; fileRef = 02E08CA92D3F924D0017D96A /* Preview Assets.xcassets */; };
		02E08CB22D3F93D80017D96A /* home.swift in Sources */ = {isa = PBXBuildFile; fileRef = 02E08CB12D3F93D80017D96A /* home.swift */; };
/* End PBXBuildFile section */

/* Begin PBXFileReference section */
		0260EAE62D56F5F700861754 /* ACarouselViewModel.swift */ = {isa = PBXFileReference; fileEncoding = 4; lastKnownFileType = sourcecode.swift; path = ACarouselViewModel.swift; sourceTree = "<group>"; };
		0260EAE72D56F5F700861754 /* ACarousel.swift */ = {isa = PBXFileReference; fileEncoding = 4; lastKnownFileType = sourcecode.swift; path = ACarousel.swift; sourceTree = "<group>"; };
		0260EAE82D56F5F700861754 /* View+ReceiveTimer.swift */ = {isa = PBXFileReference; fileEncoding = 4; lastKnownFileType = sourcecode.swift; path = "View+ReceiveTimer.swift"; sourceTree = "<group>"; };
		0260EAE92D56F5F700861754 /* ACarouselAutoScroll.swift */ = {isa = PBXFileReference; fileEncoding = 4; lastKnownFileType = sourcecode.swift; path = ACarouselAutoScroll.swift; sourceTree = "<group>"; };
		0260EAEA2D56F5F700861754 /* AppLifeCycleModifier.swift */ = {isa = PBXFileReference; fileEncoding = 4; lastKnownFileType = sourcecode.swift; path = AppLifeCycleModifier.swift; sourceTree = "<group>"; };
		0260EAF02D570B6400861754 /* speService.swift */ = {isa = PBXFileReference; lastKnownFileType = sourcecode.swift; path = speService.swift; sourceTree = "<group>"; };
		0260EAF22D57233600861754 /* footer.swift */ = {isa = PBXFileReference; lastKnownFileType = sourcecode.swift; path = footer.swift; sourceTree = "<group>"; };
		0260EAF42D57419100861754 /* links.swift */ = {isa = PBXFileReference; lastKnownFileType = sourcecode.swift; path = links.swift; sourceTree = "<group>"; };
		02675E472D5600A50063FC56 /* conService.swift */ = {isa = PBXFileReference; lastKnownFileType = sourcecode.swift; path = conService.swift; sourceTree = "<group>"; };
		02675E492D56092F0063FC56 /* banner.swift */ = {isa = PBXFileReference; lastKnownFileType = sourcecode.swift; path = banner.swift; sourceTree = "<group>"; };
		02A4CB852D5990B3008FEAD3 /* lawEnf.swift */ = {isa = PBXFileReference; lastKnownFileType = sourcecode.swift; path = lawEnf.swift; sourceTree = "<group>"; };
		02AA1CC02D59A8EE007419E5 /* intCom.swift */ = {isa = PBXFileReference; lastKnownFileType = sourcecode.swift; path = intCom.swift; sourceTree = "<group>"; };
		02AA1CC22D59ADCE007419E5 /* newsList.swift */ = {isa = PBXFileReference; lastKnownFileType = sourcecode.swift; path = newsList.swift; sourceTree = "<group>"; };
		02E08C9D2D3F92480017D96A /* gjj app.app */ = {isa = PBXFileReference; explicitFileType = wrapper.application; includeInIndex = 0; path = "gjj app.app"; sourceTree = BUILT_PRODUCTS_DIR; };
		02E08CA02D3F92480017D96A /* gjj_appApp.swift */ = {isa = PBXFileReference; lastKnownFileType = sourcecode.swift; path = gjj_appApp.swift; sourceTree = "<group>"; };
		02E08CA22D3F92480017D96A /* ContentView.swift */ = {isa = PBXFileReference; lastKnownFileType = sourcecode.swift; path = ContentView.swift; sourceTree = "<group>"; };
		02E08CA42D3F92480017D96A /* Item.swift */ = {isa = PBXFileReference; lastKnownFileType = sourcecode.swift; path = Item.swift; sourceTree = "<group>"; };
		02E08CA62D3F924D0017D96A /* Assets.xcassets */ = {isa = PBXFileReference; lastKnownFileType = folder.assetcatalog; path = Assets.xcassets; sourceTree = "<group>"; };
		02E08CA92D3F924D0017D96A /* Preview Assets.xcassets */ = {isa = PBXFileReference; lastKnownFileType = folder.assetcatalog; path = "Preview Assets.xcassets"; sourceTree = "<group>"; };
		02E08CB12D3F93D80017D96A /* home.swift */ = {isa = PBXFileReference; lastKnownFileType = sourcecode.swift; path = home.swift; sourceTree = "<group>"; };
/* End PBXFileReference section */

/* Begin PBXFrameworksBuildPhase section */
		02E08C9A2D3F92480017D96A /* Frameworks */ = {
			isa = PBXFrameworksBuildPhase;
			buildActionMask = 2147483647;
			files = (
			);
			runOnlyForDeploymentPostprocessing = 0;
		};
/* End PBXFrameworksBuildPhase section */

/* Begin PBXGroup section */
		0260EAE52D56F5F700861754 /* ACarousel */ = {
			isa = PBXGroup;
			children = (
				0260EAE62D56F5F700861754 /* ACarouselViewModel.swift */,
				0260EAE72D56F5F700861754 /* ACarousel.swift */,
				0260EAE82D56F5F700861754 /* View+ReceiveTimer.swift */,
				0260EAE92D56F5F700861754 /* ACarouselAutoScroll.swift */,
				0260EAEA2D56F5F700861754 /* AppLifeCycleModifier.swift */,
			);
			path = ACarousel;
			sourceTree = "<group>";
		};
		02E08C942D3F92480017D96A = {
			isa = PBXGroup;
			children = (
				02E08C9F2D3F92480017D96A /* gjj app */,
				02E08C9E2D3F92480017D96A /* Products */,
			);
			sourceTree = "<group>";
		};
		02E08C9E2D3F92480017D96A /* Products */ = {
			isa = PBXGroup;
			children = (
				02E08C9D2D3F92480017D96A /* gjj app.app */,
			);
			name = Products;
			sourceTree = "<group>";
		};
		02E08C9F2D3F92480017D96A /* gjj app */ = {
			isa = PBXGroup;
			children = (
				0260EAE52D56F5F700861754 /* ACarousel */,
				02E08CB02D3F92570017D96A /* views */,
				02E08CA02D3F92480017D96A /* gjj_appApp.swift */,
				02E08CA22D3F92480017D96A /* ContentView.swift */,
				02E08CA42D3F92480017D96A /* Item.swift */,
				02E08CA62D3F924D0017D96A /* Assets.xcassets */,
				02E08CA82D3F924D0017D96A /* Preview Content */,
			);
			path = "gjj app";
			sourceTree = "<group>";
		};
		02E08CA82D3F924D0017D96A /* Preview Content */ = {
			isa = PBXGroup;
			children = (
				02E08CA92D3F924D0017D96A /* Preview Assets.xcassets */,
			);
			path = "Preview Content";
			sourceTree = "<group>";
		};
		02E08CB02D3F92570017D96A /* views */ = {
			isa = PBXGroup;
			children = (
				02E08CB12D3F93D80017D96A /* home.swift */,
				02AA1CC22D59ADCE007419E5 /* newsList.swift */,
				02AA1CC02D59A8EE007419E5 /* intCom.swift */,
				0260EAF42D57419100861754 /* links.swift */,
				0260EAF02D570B6400861754 /* speService.swift */,
				02675E472D5600A50063FC56 /* conService.swift */,
				02675E492D56092F0063FC56 /* banner.swift */,
				0260EAF22D57233600861754 /* footer.swift */,
				02A4CB852D5990B3008FEAD3 /* lawEnf.swift */,
			);
			path = views;
			sourceTree = "<group>";
		};
/* End PBXGroup section */

/* Begin PBXNativeTarget section */
		02E08C9C2D3F92480017D96A /* gjj app */ = {
			isa = PBXNativeTarget;
			buildConfigurationList = 02E08CAD2D3F924D0017D96A /* Build configuration list for PBXNativeTarget "gjj app" */;
			buildPhases = (
				02E08C992D3F92480017D96A /* Sources */,
				02E08C9A2D3F92480017D96A /* Frameworks */,
				02E08C9B2D3F92480017D96A /* Resources */,
			);
			buildRules = (
			);
			dependencies = (
			);
			name = "gjj app";
			productName = "gjj app";
			productReference = 02E08C9D2D3F92480017D96A /* gjj app.app */;
			productType = "com.apple.product-type.application";
		};
/* End PBXNativeTarget section */

/* Begin PBXProject section */
		02E08C952D3F92480017D96A /* Project object */ = {
			isa = PBXProject;
			attributes = {
				BuildIndependentTargetsInParallel = 1;
				LastSwiftUpdateCheck = 1510;
				LastUpgradeCheck = 1510;
				TargetAttributes = {
					02E08C9C2D3F92480017D96A = {
						CreatedOnToolsVersion = 15.1;
					};
				};
			};
			buildConfigurationList = 02E08C982D3F92480017D96A /* Build configuration list for PBXProject "gjj app" */;
			compatibilityVersion = "Xcode 14.0";
			developmentRegion = en;
			hasScannedForEncodings = 0;
			knownRegions = (
				en,
				Base,
			);
			mainGroup = 02E08C942D3F92480017D96A;
			productRefGroup = 02E08C9E2D3F92480017D96A /* Products */;
			projectDirPath = "";
			projectRoot = "";
			targets = (
				02E08C9C2D3F92480017D96A /* gjj app */,
			);
		};
/* End PBXProject section */

/* Begin PBXResourcesBuildPhase section */
		02E08C9B2D3F92480017D96A /* Resources */ = {
			isa = PBXResourcesBuildPhase;
			buildActionMask = 2147483647;
			files = (
				02E08CAA2D3F924D0017D96A /* Preview Assets.xcassets in Resources */,
				02E08CA72D3F924D0017D96A /* Assets.xcassets in Resources */,
			);
			runOnlyForDeploymentPostprocessing = 0;
		};
/* End PBXResourcesBuildPhase section */

/* Begin PBXSourcesBuildPhase section */
		02E08C992D3F92480017D96A /* Sources */ = {
			isa = PBXSourcesBuildPhase;
			buildActionMask = 2147483647;
			files = (
				0260EAF12D570B6400861754 /* speService.swift in Sources */,
				02AA1CC12D59A8EE007419E5 /* intCom.swift in Sources */,
				02E08CA32D3F92480017D96A /* ContentView.swift in Sources */,
				0260EAEC2D56F5F700861754 /* ACarousel.swift in Sources */,
				02AA1CC32D59ADCE007419E5 /* newsList.swift in Sources */,
				0260EAF32D57233600861754 /* footer.swift in Sources */,
				0260EAED2D56F5F700861754 /* View+ReceiveTimer.swift in Sources */,
				02E08CA52D3F92480017D96A /* Item.swift in Sources */,
				02E08CB22D3F93D80017D96A /* home.swift in Sources */,
				0260EAEE2D56F5F700861754 /* ACarouselAutoScroll.swift in Sources */,
				02675E4A2D56092F0063FC56 /* banner.swift in Sources */,
				0260EAF52D57419100861754 /* links.swift in Sources */,
				02E08CA12D3F92480017D96A /* gjj_appApp.swift in Sources */,
				0260EAEF2D56F5F700861754 /* AppLifeCycleModifier.swift in Sources */,
				02A4CB862D5990B3008FEAD3 /* lawEnf.swift in Sources */,
				0260EAEB2D56F5F700861754 /* ACarouselViewModel.swift in Sources */,
				02675E482D5600A50063FC56 /* conService.swift in Sources */,
			);
			runOnlyForDeploymentPostprocessing = 0;
		};
/* End PBXSourcesBuildPhase section */

/* Begin XCBuildConfiguration section */
		02E08CAB2D3F924D0017D96A /* Debug */ = {
			isa = XCBuildConfiguration;
			buildSettings = {
				ALWAYS_SEARCH_USER_PATHS = NO;
				ASSETCATALOG_COMPILER_GENERATE_SWIFT_ASSET_SYMBOL_EXTENSIONS = YES;
				CLANG_ANALYZER_NONNULL = YES;
				CLANG_ANALYZER_NUMBER_OBJECT_CONVERSION = YES_AGGRESSIVE;
				CLANG_CXX_LANGUAGE_STANDARD = "gnu++20";
				CLANG_ENABLE_MODULES = YES;
				CLANG_ENABLE_OBJC_ARC = YES;
				CLANG_ENABLE_OBJC_WEAK = YES;
				CLANG_WARN_BLOCK_CAPTURE_AUTORELEASING = YES;
				CLANG_WARN_BOOL_CONVERSION = YES;
				CLANG_WARN_COMMA = YES;
				CLANG_WARN_CONSTANT_CONVERSION = YES;
				CLANG_WARN_DEPRECATED_OBJC_IMPLEMENTATIONS = YES;
				CLANG_WARN_DIRECT_OBJC_ISA_USAGE = YES_ERROR;
				CLANG_WARN_DOCUMENTATION_COMMENTS = YES;
				CLANG_WARN_EMPTY_BODY = YES;
				CLANG_WARN_ENUM_CONVERSION = YES;
				CLANG_WARN_INFINITE_RECURSION = YES;
				CLANG_WARN_INT_CONVERSION = YES;
				CLANG_WARN_NON_LITERAL_NULL_CONVERSION = YES;
				CLANG_WARN_OBJC_IMPLICIT_RETAIN_SELF = YES;
				CLANG_WARN_OBJC_LITERAL_CONVERSION = YES;
				CLANG_WARN_OBJC_ROOT_CLASS = YES_ERROR;
				CLANG_WARN_QUOTED_INCLUDE_IN_FRAMEWORK_HEADER = YES;
				CLANG_WARN_RANGE_LOOP_ANALYSIS = YES;
				CLANG_WARN_STRICT_PROTOTYPES = YES;
				CLANG_WARN_SUSPICIOUS_MOVE = YES;
				CLANG_WARN_UNGUARDED_AVAILABILITY = YES_AGGRESSIVE;
				CLANG_WARN_UNREACHABLE_CODE = YES;
				CLANG_WARN__DUPLICATE_METHOD_MATCH = YES;
				COPY_PHASE_STRIP = NO;
				DEBUG_INFORMATION_FORMAT = dwarf;
				ENABLE_STRICT_OBJC_MSGSEND = YES;
				ENABLE_TESTABILITY = YES;
				ENABLE_USER_SCRIPT_SANDBOXING = YES;
				GCC_C_LANGUAGE_STANDARD = gnu17;
				GCC_DYNAMIC_NO_PIC = NO;
				GCC_NO_COMMON_BLOCKS = YES;
				GCC_OPTIMIZATION_LEVEL = 0;
				GCC_PREPROCESSOR_DEFINITIONS = (
					"DEBUG=1",
					"$(inherited)",
				);
				GCC_WARN_64_TO_32_BIT_CONVERSION = YES;
				GCC_WARN_ABOUT_RETURN_TYPE = YES_ERROR;
				GCC_WARN_UNDECLARED_SELECTOR = YES;
				GCC_WARN_UNINITIALIZED_AUTOS = YES_AGGRESSIVE;
				GCC_WARN_UNUSED_FUNCTION = YES;
				GCC_WARN_UNUSED_VARIABLE = YES;
				IPHONEOS_DEPLOYMENT_TARGET = 17.2;
				LOCALIZATION_PREFERS_STRING_CATALOGS = YES;
				MTL_ENABLE_DEBUG_INFO = INCLUDE_SOURCE;
				MTL_FAST_MATH = YES;
				ONLY_ACTIVE_ARCH = YES;
				SDKROOT = iphoneos;
				SWIFT_ACTIVE_COMPILATION_CONDITIONS = "DEBUG $(inherited)";
				SWIFT_OPTIMIZATION_LEVEL = "-Onone";
			};
			name = Debug;
		};
		02E08CAC2D3F924D0017D96A /* Release */ = {
			isa = XCBuildConfiguration;
			buildSettings = {
				ALWAYS_SEARCH_USER_PATHS = NO;
				ASSETCATALOG_COMPILER_GENERATE_SWIFT_ASSET_SYMBOL_EXTENSIONS = YES;
				CLANG_ANALYZER_NONNULL = YES;
				CLANG_ANALYZER_NUMBER_OBJECT_CONVERSION = YES_AGGRESSIVE;
				CLANG_CXX_LANGUAGE_STANDARD = "gnu++20";
				CLANG_ENABLE_MODULES = YES;
				CLANG_ENABLE_OBJC_ARC = YES;
				CLANG_ENABLE_OBJC_WEAK = YES;
				CLANG_WARN_BLOCK_CAPTURE_AUTORELEASING = YES;
				CLANG_WARN_BOOL_CONVERSION = YES;
				CLANG_WARN_COMMA = YES;
				CLANG_WARN_CONSTANT_CONVERSION = YES;
				CLANG_WARN_DEPRECATED_OBJC_IMPLEMENTATIONS = YES;
				CLANG_WARN_DIRECT_OBJC_ISA_USAGE = YES_ERROR;
				CLANG_WARN_DOCUMENTATION_COMMENTS = YES;
				CLANG_WARN_EMPTY_BODY = YES;
				CLANG_WARN_ENUM_CONVERSION = YES;
				CLANG_WARN_INFINITE_RECURSION = YES;
				CLANG_WARN_INT_CONVERSION = YES;
				CLANG_WARN_NON_LITERAL_NULL_CONVERSION = YES;
				CLANG_WARN_OBJC_IMPLICIT_RETAIN_SELF = YES;
				CLANG_WARN_OBJC_LITERAL_CONVERSION = YES;
				CLANG_WARN_OBJC_ROOT_CLASS = YES_ERROR;
				CLANG_WARN_QUOTED_INCLUDE_IN_FRAMEWORK_HEADER = YES;
				CLANG_WARN_RANGE_LOOP_ANALYSIS = YES;
				CLANG_WARN_STRICT_PROTOTYPES = YES;
				CLANG_WARN_SUSPICIOUS_MOVE = YES;
				CLANG_WARN_UNGUARDED_AVAILABILITY = YES_AGGRESSIVE;
				CLANG_WARN_UNREACHABLE_CODE = YES;
				CLANG_WARN__DUPLICATE_METHOD_MATCH = YES;
				COPY_PHASE_STRIP = NO;
				DEBUG_INFORMATION_FORMAT = "dwarf-with-dsym";
				ENABLE_NS_ASSERTIONS = NO;
				ENABLE_STRICT_OBJC_MSGSEND = YES;
				ENABLE_USER_SCRIPT_SANDBOXING = YES;
				GCC_C_LANGUAGE_STANDARD = gnu17;
				GCC_NO_COMMON_BLOCKS = YES;
				GCC_WARN_64_TO_32_BIT_CONVERSION = YES;
				GCC_WARN_ABOUT_RETURN_TYPE = YES_ERROR;
				GCC_WARN_UNDECLARED_SELECTOR = YES;
				GCC_WARN_UNINITIALIZED_AUTOS = YES_AGGRESSIVE;
				GCC_WARN_UNUSED_FUNCTION = YES;
				GCC_WARN_UNUSED_VARIABLE = YES;
				IPHONEOS_DEPLOYMENT_TARGET = 17.2;
				LOCALIZATION_PREFERS_STRING_CATALOGS = YES;
				MTL_ENABLE_DEBUG_INFO = NO;
				MTL_FAST_MATH = YES;
				SDKROOT = iphoneos;
				SWIFT_COMPILATION_MODE = wholemodule;
				VALIDATE_PRODUCT = YES;
			};
			name = Release;
		};
		02E08CAE2D3F924D0017D96A /* Debug */ = {
			isa = XCBuildConfiguration;
			buildSettings = {
				ASSETCATALOG_COMPILER_APPICON_NAME = AppIcon;
				ASSETCATALOG_COMPILER_GLOBAL_ACCENT_COLOR_NAME = AccentColor;
				CODE_SIGN_STYLE = Automatic;
				CURRENT_PROJECT_VERSION = 1;
				DEVELOPMENT_ASSET_PATHS = "\"gjj app/Preview Content\"";
				DEVELOPMENT_TEAM = LC2S4245HB;
				ENABLE_PREVIEWS = YES;
				GENERATE_INFOPLIST_FILE = YES;
				INFOPLIST_KEY_UIApplicationSceneManifest_Generation = YES;
				INFOPLIST_KEY_UIApplicationSupportsIndirectInputEvents = YES;
				INFOPLIST_KEY_UILaunchScreen_Generation = YES;
				INFOPLIST_KEY_UISupportedInterfaceOrientations_iPad = "UIInterfaceOrientationPortrait UIInterfaceOrientationPortraitUpsideDown UIInterfaceOrientationLandscapeLeft UIInterfaceOrientationLandscapeRight";
				INFOPLIST_KEY_UISupportedInterfaceOrientations_iPhone = "UIInterfaceOrientationPortrait UIInterfaceOrientationLandscapeLeft UIInterfaceOrientationLandscapeRight";
				LD_RUNPATH_SEARCH_PATHS = (
					"$(inherited)",
					"@executable_path/Frameworks",
				);
				MARKETING_VERSION = 1.0;
				PRODUCT_BUNDLE_IDENTIFIER = "io.starshine.gjj-app";
				PRODUCT_NAME = "$(TARGET_NAME)";
				SWIFT_EMIT_LOC_STRINGS = YES;
				SWIFT_VERSION = 5.0;
				TARGETED_DEVICE_FAMILY = "1,2";
			};
			name = Debug;
		};
		02E08CAF2D3F924D0017D96A /* Release */ = {
			isa = XCBuildConfiguration;
			buildSettings = {
				ASSETCATALOG_COMPILER_APPICON_NAME = AppIcon;
				ASSETCATALOG_COMPILER_GLOBAL_ACCENT_COLOR_NAME = AccentColor;
				CODE_SIGN_STYLE = Automatic;
				CURRENT_PROJECT_VERSION = 1;
				DEVELOPMENT_ASSET_PATHS = "\"gjj app/Preview Content\"";
				DEVELOPMENT_TEAM = LC2S4245HB;
				ENABLE_PREVIEWS = YES;
				GENERATE_INFOPLIST_FILE = YES;
				INFOPLIST_KEY_UIApplicationSceneManifest_Generation = YES;
				INFOPLIST_KEY_UIApplicationSupportsIndirectInputEvents = YES;
				INFOPLIST_KEY_UILaunchScreen_Generation = YES;
				INFOPLIST_KEY_UISupportedInterfaceOrientations_iPad = "UIInterfaceOrientationPortrait UIInterfaceOrientationPortraitUpsideDown UIInterfaceOrientationLandscapeLeft UIInterfaceOrientationLandscapeRight";
				INFOPLIST_KEY_UISupportedInterfaceOrientations_iPhone = "UIInterfaceOrientationPortrait UIInterfaceOrientationLandscapeLeft UIInterfaceOrientationLandscapeRight";
				LD_RUNPATH_SEARCH_PATHS = (
					"$(inherited)",
					"@executable_path/Frameworks",
				);
				MARKETING_VERSION = 1.0;
				PRODUCT_BUNDLE_IDENTIFIER = "io.starshine.gjj-app";
				PRODUCT_NAME = "$(TARGET_NAME)";
				SWIFT_EMIT_LOC_STRINGS = YES;
				SWIFT_VERSION = 5.0;
				TARGETED_DEVICE_FAMILY = "1,2";
			};
			name = Release;
		};
/* End XCBuildConfiguration section */

/* Begin XCConfigurationList section */
		02E08C982D3F92480017D96A /* Build configuration list for PBXProject "gjj app" */ = {
			isa = XCConfigurationList;
			buildConfigurations = (
				02E08CAB2D3F924D0017D96A /* Debug */,
				02E08CAC2D3F924D0017D96A /* Release */,
			);
			defaultConfigurationIsVisible = 0;
			defaultConfigurationName = Release;
		};
		02E08CAD2D3F924D0017D96A /* Build configuration list for PBXNativeTarget "gjj app" */ = {
			isa = XCConfigurationList;
			buildConfigurations = (
				02E08CAE2D3F924D0017D96A /* Debug */,
				02E08CAF2D3F924D0017D96A /* Release */,
			);
			defaultConfigurationIsVisible = 0;
			defaultConfigurationName = Release;
		};
/* End XCConfigurationList section */
	};
	rootObject = 02E08C952D3F92480017D96A /* Project object */;
}
